SITE
  remote: http://community.opscode.com/api/v1
  specs:
    apache2 (1.9.6)
      iptables (>= 0.0.0)
      logrotate (>= 0.0.0)
      pacman (>= 0.0.0)
    apt (2.3.8)
    aws (2.1.0)
    build-essential (1.4.4)
    chef_handler (1.1.5)
    database (2.0.0)
      aws (>= 0.0.0)
      mysql (>= 1.3.0)
      postgresql (>= 1.0.0)
      xfs (>= 0.0.0)
    homebrew (1.5.4)
    iis (2.0.2)
      windows (>= 1.2.6)
    iptables (0.12.0)
    logrotate (1.5.0)
    mysql (4.1.2)
      build-essential (~> 1.4)
      homebrew (>= 0.0.0)
      openssl (~> 1.1)
      windows (>= 0.0.0)
    openssl (1.1.0)
    pacman (1.1.1)
    php (1.4.2)
      build-essential (>= 0.0.0)
      iis (>= 0.0.0)
      mysql (>= 0.0.0)
      windows (>= 0.0.0)
      xml (>= 0.0.0)
      yum-epel (>= 0.0.0)
    postgresql (3.3.4)
      apt (>= 0.0.0)
      build-essential (>= 0.0.0)
      openssl (>= 0.0.0)
    windows (1.30.0)
      chef_handler (>= 0.0.0)
    xfs (1.1.0)
    xml (1.2.2)
      build-essential (>= 0.0.0)
    yum (3.1.2)
    yum-epel (0.3.4)
      yum (~> 3.0)

GIT
  remote: https://github.com/escapestudios-cookbooks/xdebug
  ref: master
  sha: 5f53e20d49c9e6013088e28d4cdc69edac156dd9
  specs:
    xdebug (0.0.1)
      php (>= 0.0.0)

DEPENDENCIES
  apache2 (>= 0)
  apt (>= 0)
  database (>= 0)
  mysql (>= 0)
  php (>= 0)
  xdebug (>= 0)

